
Microsoft Visual Studio Solution File, Format Version 12.00
# Visual Studio 2012
Project("{FAE04EC0-301F-11D3-BF4B-00C04F79EFBC}") = "Client", "Client\Client.csproj", "{4DEBDC5C-994D-400D-9291-5D1134F4B9E7}"
	ProjectSection(ProjectDependencies) = postProject
		{011F7BAB-B581-4A0A-9A65-1DC196A5ED78} = {011F7BAB-B581-4A0A-9A65-1DC196A5ED78}
	EndProjectSection
EndProject
Project("{FAE04EC0-301F-11D3-BF4B-00C04F79EFBC}") = "WCFDecrypt", "WCFDecrypt\WCFDecrypt.csproj", "{011F7BAB-B581-4A0A-9A65-1DC196A5ED78}"
	ProjectSection(ProjectDependencies) = postProject
		{76A4595B-E4A3-4AEA-92C1-A0F6E5FF133C} = {76A4595B-E4A3-4AEA-92C1-A0F6E5FF133C}
	EndProjectSection
EndProject
Project("{FAE04EC0-301F-11D3-BF4B-00C04F79EFBC}") = "WCFCommunication", "WCFCommunication\WCFCommunication.csproj", "{76A4595B-E4A3-4AEA-92C1-A0F6E5FF133C}"
EndProject
Global
	GlobalSection(SolutionConfigurationPlatforms) = preSolution
		Debug|Any CPU = Debug|Any CPU
		Release|Any CPU = Release|Any CPU
	EndGlobalSection
	GlobalSection(ProjectConfigurationPlatforms) = postSolution
		{4DEBDC5C-994D-400D-9291-5D1134F4B9E7}.Debug|Any CPU.ActiveCfg = Debug|Any CPU
		{4DEBDC5C-994D-400D-9291-5D1134F4B9E7}.Debug|Any CPU.Build.0 = Debug|Any CPU
		{4DEBDC5C-994D-400D-9291-5D1134F4B9E7}.Release|Any CPU.ActiveCfg = Release|Any CPU
		{4DEBDC5C-994D-400D-9291-5D1134F4B9E7}.Release|Any CPU.Build.0 = Release|Any CPU
		{011F7BAB-B581-4A0A-9A65-1DC196A5ED78}.Debug|Any CPU.ActiveCfg = Debug|Any CPU
		{011F7BAB-B581-4A0A-9A65-1DC196A5ED78}.Debug|Any CPU.Build.0 = Debug|Any CPU
		{011F7BAB-B581-4A0A-9A65-1DC196A5ED78}.Release|Any CPU.ActiveCfg = Release|Any CPU
		{011F7BAB-B581-4A0A-9A65-1DC196A5ED78}.Release|Any CPU.Build.0 = Release|Any CPU
		{76A4595B-E4A3-4AEA-92C1-A0F6E5FF133C}.Debug|Any CPU.ActiveCfg = Debug|Any CPU
		{76A4595B-E4A3-4AEA-92C1-A0F6E5FF133C}.Debug|Any CPU.Build.0 = Debug|Any CPU
		{76A4595B-E4A3-4AEA-92C1-A0F6E5FF133C}.Release|Any CPU.ActiveCfg = Release|Any CPU
		{76A4595B-E4A3-4AEA-92C1-A0F6E5FF133C}.Release|Any CPU.Build.0 = Release|Any CPU
	EndGlobalSection
	GlobalSection(SolutionProperties) = preSolution
		HideSolutionNode = FALSE
	EndGlobalSection
EndGlobal
